PODS:
  - FBSnapshotTestCase (2.1.4):
    - FBSnapshotTestCase/SwiftSupport (= 2.1.4)
  - FBSnapshotTestCase/Core (2.1.4)
  - FBSnapshotTestCase/SwiftSupport (2.1.4):
    - FBSnapshotTestCase/Core
  - PubPodDemo (0.0.2):
    - WechatOpenSDK
  - WechatOpenSDK (1.8.2)

DEPENDENCIES:
  - FBSnapshotTestCase
  - PubPodDemo (from `../`)

SPEC REPOS:
  https://github.com/cocoapods/specs.git:
    - FBSnapshotTestCase
    - WechatOpenSDK

EXTERNAL SOURCES:
  PubPodDemo:
    :path: "../"

SPEC CHECKSUMS:
  FBSnapshotTestCase: 094f9f314decbabe373b87cc339bea235a63e07a
  PubPodDemo: 9abaf07e0a8ab6485554d25d96d938d949665e60
  WechatOpenSDK: 676feec516a11173eafd1fe64b10d27babf28701

PODFILE CHECKSUM: ee5209123f830678e7eb14c3103569be434a5056

COCOAPODS: 1.5.3
